
Microsoft Visual Studio Solution File, Format Version 12.00
# Visual Studio Version 17
VisualStudioVersion = 17.10.35013.160
MinimumVisualStudioVersion = 10.0.40219.1
Project("{FAE04EC0-301F-11D3-BF4B-00C04F79EFBC}") = "MyPosTest", "MyPosTest.csproj", "{DEE4D13A-FAB1-498F-B291-BE52BF555DB8}"
EndProject
Global
	GlobalSection(SolutionConfigurationPlatforms) = preSolution
		Debug|Any CPU = Debug|Any CPU
		Release|Any CPU = Release|Any CPU
	EndGlobalSection
	GlobalSection(ProjectConfigurationPlatforms) = postSolution
		{DEE4D13A-FAB1-498F-B291-BE52BF555DB8}.Debug|Any CPU.ActiveCfg = Debug|Any CPU
		{DEE4D13A-FAB1-498F-B291-BE52BF555DB8}.Debug|Any CPU.Build.0 = Debug|Any CPU
		{DEE4D13A-FAB1-498F-B291-BE52BF555DB8}.Release|Any CPU.ActiveCfg = Release|Any CPU
		{DEE4D13A-FAB1-498F-B291-BE52BF555DB8}.Release|Any CPU.Build.0 = Release|Any CPU
	EndGlobalSection
	GlobalSection(SolutionProperties) = preSolution
		HideSolutionNode = FALSE
	EndGlobalSection
	GlobalSection(ExtensibilityGlobals) = postSolution
		SolutionGuid = {96674AAF-E2B2-4885-A3DC-6BC90B8575FD}
	EndGlobalSection
EndGlobal
